// !$*UTF8*$!
{
	archiveVersion = 1;
	classes = {
	};
	objectVersion = 77;
	objects = {

/* Begin PBXBuildFile section */
		3DB0A04D2F39312E00FCA9DB /* TelemetryClient in Frameworks */ = {isa = PBXBuildFile; productRef = 3DB0A04C2F39312E00FCA9DB /* TelemetryClient */; };
		3DB0A04F2F39312E00FCA9DB /* TelemetryDeck in Frameworks */ = {isa = PBXBuildFile; productRef = 3DB0A04E2F39312E00FCA9DB /* TelemetryDeck */; };
		3DC0B0512F4D000000SPARK1 /* Sparkle in Frameworks */ = {isa = PBXBuildFile; productRef = 3DC0B0502F4D000000SPARK1 /* Sparkle */; };
/* End PBXBuildFile section */

/* Begin PBXContainerItemProxy section */
		3DCDC95E2F36A1750063EE37 /* PBXContainerItemProxy */ = {
			isa = PBXContainerItemProxy;
			containerPortal = 3DCDC9482F36A1740063EE37 /* Project object */;
			proxyType = 1;
			remoteGlobalIDString = 3DCDC94F2F36A1740063EE37;
			remoteInfo = VibePad;
		};
		3DCDC9682F36A1750063EE37 /* PBXContainerItemProxy */ = {
			isa = PBXContainerItemProxy;
			containerPortal = 3DCDC9482F36A1740063EE37 /* Project object */;
			proxyType = 1;
			remoteGlobalIDString = 3DCDC94F2F36A1740063EE37;
			remoteInfo = VibePad;
		};
/* End PBXContainerItemProxy section */

/* Begin PBXFileReference section */
		3DCDC9502F36A1740063EE37 /* VibePad.app */ = {isa = PBXFileReference; explicitFileType = wrapper.application; includeInIndex = 0; path = VibePad.app; sourceTree = BUILT_PRODUCTS_DIR; };
		3DCDC95D2F36A1750063EE37 /* VibePadTests.xctest */ = {isa = PBXFileReference; explicitFileType = wrapper.cfbundle; includeInIndex = 0; path = VibePadTests.xctest; sourceTree = BUILT_PRODUCTS_DIR; };
		3DCDC9672F36A1750063EE37 /* VibePadUITests.xctest */ = {isa = PBXFileReference; explicitFileType = wrapper.cfbundle; includeInIndex = 0; path = VibePadUITests.xctest; sourceTree = BUILT_PRODUCTS_DIR; };
/* End PBXFileReference section */

/* Begin PBXFileSystemSynchronizedBuildFileExceptionSet section */
		3DC0B0522F4D000000SPARK1 /* Exceptions for "VibePad" folder in "VibePad" target */ = {
			isa = PBXFileSystemSynchronizedBuildFileExceptionSet;
			membershipExceptions = (
				Info.plist,
			);
			target = 3DCDC94F2F36A1740063EE37 /* VibePad */;
		};
/* End PBXFileSystemSynchronizedBuildFileExceptionSet section */

/* Begin PBXFileSystemSynchronizedRootGroup section */
		3DCDC9522F36A1740063EE37 /* VibePad */ = {
			isa = PBXFileSystemSynchronizedRootGroup;
			exceptions = (
				3DC0B0522F4D000000SPARK1 /* Exceptions for "VibePad" folder in "VibePad" target */,
			);
			path = VibePad;
			sourceTree = "<group>";
		};
		3DCDC9602F36A1750063EE37 /* VibePadTests */ = {
			isa = PBXFileSystemSynchronizedRootGroup;
			path = VibePadTests;
			sourceTree = "<group>";
		};
		3DCDC96A2F36A1750063EE37 /* VibePadUITests */ = {
			isa = PBXFileSystemSynchronizedRootGroup;
			path = VibePadUITests;
			sourceTree = "<group>";
		};
/* End PBXFileSystemSynchronizedRootGroup section */

/* Begin PBXFrameworksBuildPhase section */
		3DCDC94D2F36A1740063EE37 /* Frameworks */ = {
			isa = PBXFrameworksBuildPhase;
			buildActionMask = 2147483647;
			files = (
				3DB0A04D2F39312E00FCA9DB /* TelemetryClient in Frameworks */,
				3DB0A04F2F39312E00FCA9DB /* TelemetryDeck in Frameworks */,
				3DC0B0512F4D000000SPARK1 /* Sparkle in Frameworks */,
			);
			runOnlyForDeploymentPostprocessing = 0;
		};
		3DCDC95A2F36A1750063EE37 /* Frameworks */ = {
			isa = PBXFrameworksBuildPhase;
			buildActionMask = 2147483647;
			files = (
			);
			runOnlyForDeploymentPostprocessing = 0;
		};
		3DCDC9642F36A1750063EE37 /* Frameworks */ = {
			isa = PBXFrameworksBuildPhase;
			buildActionMask = 2147483647;
			files = (
			);
			runOnlyForDeploymentPostprocessing = 0;
		};
/* End PBXFrameworksBuildPhase section */

/* Begin PBXGroup section */
		3DCDC9472F36A1740063EE37 = {
			isa = PBXGroup;
			children = (
				3DCDC9522F36A1740063EE37 /* VibePad */,
				3DCDC9602F36A1750063EE37 /* VibePadTests */,
				3DCDC96A2F36A1750063EE37 /* VibePadUITests */,
				3DCDC9512F36A1740063EE37 /* Products */,
			);
			sourceTree = "<group>";
		};
		3DCDC9512F36A1740063EE37 /* Products */ = {
			isa = PBXGroup;
			children = (
				3DCDC9502F36A1740063EE37 /* VibePad.app */,
				3DCDC95D2F36A1750063EE37 /* VibePadTests.xctest */,
				3DCDC9672F36A1750063EE37 /* VibePadUITests.xctest */,
			);
			name = Products;
			sourceTree = "<group>";
		};
/* End PBXGroup section */

/* Begin PBXNativeTarget section */
		3DCDC94F2F36A1740063EE37 /* VibePad */ = {
			isa = PBXNativeTarget;
			buildConfigurationList = 3DCDC9712F36A1750063EE37 /* Build configuration list for PBXNativeTarget "VibePad" */;
			buildPhases = (
				3DCDC94C2F36A1740063EE37 /* Sources */,
				3DCDC94D2F36A1740063EE37 /* Frameworks */,
				3DCDC94E2F36A1740063EE37 /* Resources */,
			);
			buildRules = (
			);
			dependencies = (
			);
			fileSystemSynchronizedGroups = (
				3DCDC9522F36A1740063EE37 /* VibePad */,
			);
			name = VibePad;
			packageProductDependencies = (
				3DB0A04C2F39312E00FCA9DB /* TelemetryClient */,
				3DB0A04E2F39312E00FCA9DB /* TelemetryDeck */,
				3DC0B0502F4D000000SPARK1 /* Sparkle */,
			);
			productName = VibePad;
			productReference = 3DCDC9502F36A1740063EE37 /* VibePad.app */;
			productType = "com.apple.product-type.application";
		};
		3DCDC95C2F36A1750063EE37 /* VibePadTests */ = {
			isa = PBXNativeTarget;
			buildConfigurationList = 3DCDC9742F36A1750063EE37 /* Build configuration list for PBXNativeTarget "VibePadTests" */;
			buildPhases = (
				3DCDC9592F36A1750063EE37 /* Sources */,
				3DCDC95A2F36A1750063EE37 /* Frameworks */,
				3DCDC95B2F36A1750063EE37 /* Resources */,
			);
			buildRules = (
			);
			dependencies = (
				3DCDC95F2F36A1750063EE37 /* PBXTargetDependency */,
			);
			fileSystemSynchronizedGroups = (
				3DCDC9602F36A1750063EE37 /* VibePadTests */,
			);
			name = VibePadTests;
			packageProductDependencies = (
			);
			productName = VibePadTests;
			productReference = 3DCDC95D2F36A1750063EE37 /* VibePadTests.xctest */;
			productType = "com.apple.product-type.bundle.unit-test";
		};
		3DCDC9662F36A1750063EE37 /* VibePadUITests */ = {
			isa = PBXNativeTarget;
			buildConfigurationList = 3DCDC9772F36A1750063EE37 /* Build configuration list for PBXNativeTarget "VibePadUITests" */;
			buildPhases = (
				3DCDC9632F36A1750063EE37 /* Sources */,
				3DCDC9642F36A1750063EE37 /* Frameworks */,
				3DCDC9652F36A1750063EE37 /* Resources */,
			);
			buildRules = (
			);
			dependencies = (
				3DCDC9692F36A1750063EE37 /* PBXTargetDependency */,
			);
			fileSystemSynchronizedGroups = (
				3DCDC96A2F36A1750063EE37 /* VibePadUITests */,
			);
			name = VibePadUITests;
			packageProductDependencies = (
			);
			productName = VibePadUITests;
			productReference = 3DCDC9672F36A1750063EE37 /* VibePadUITests.xctest */;
			productType = "com.apple.product-type.bundle.ui-testing";
		};
/* End PBXNativeTarget section */

/* Begin PBXProject section */
		3DCDC9482F36A1740063EE37 /* Project object */ = {
			isa = PBXProject;
			attributes = {
				BuildIndependentTargetsInParallel = 1;
				LastSwiftUpdateCheck = 2610;
				LastUpgradeCheck = 2610;
				TargetAttributes = {
					3DCDC94F2F36A1740063EE37 = {
						CreatedOnToolsVersion = 26.1;
					};
					3DCDC95C2F36A1750063EE37 = {
						CreatedOnToolsVersion = 26.1;
						TestTargetID = 3DCDC94F2F36A1740063EE37;
					};
					3DCDC9662F36A1750063EE37 = {
						CreatedOnToolsVersion = 26.1;
						TestTargetID = 3DCDC94F2F36A1740063EE37;
					};
				};
			};
			buildConfigurationList = 3DCDC94B2F36A1740063EE37 /* Build configuration list for PBXProject "VibePad" */;
			developmentRegion = en;
			hasScannedForEncodings = 0;
			knownRegions = (
				en,
				Base,
			);
			mainGroup = 3DCDC9472F36A1740063EE37;
			minimizedProjectReferenceProxies = 1;
			packageReferences = (
				3DB0A04B2F39312D00FCA9DB /* XCRemoteSwiftPackageReference "SwiftSDK" */,
				3DC0B04F2F4D000000SPARK1 /* XCRemoteSwiftPackageReference "Sparkle" */,
			);
			preferredProjectObjectVersion = 77;
			productRefGroup = 3DCDC9512F36A1740063EE37 /* Products */;
			projectDirPath = "";
			projectRoot = "";
			targets = (
				3DCDC94F2F36A1740063EE37 /* VibePad */,
				3DCDC95C2F36A1750063EE37 /* VibePadTests */,
				3DCDC9662F36A1750063EE37 /* VibePadUITests */,
			);
		};
/* End PBXProject section */

/* Begin PBXResourcesBuildPhase section */
		3DCDC94E2F36A1740063EE37 /* Resources */ = {
			isa = PBXResourcesBuildPhase;
			buildActionMask = 2147483647;
			files = (
			);
			runOnlyForDeploymentPostprocessing = 0;
		};
		3DCDC95B2F36A1750063EE37 /* Resources */ = {
			isa = PBXResourcesBuildPhase;
			buildActionMask = 2147483647;
			files = (
			);
			runOnlyForDeploymentPostprocessing = 0;
		};
		3DCDC9652F36A1750063EE37 /* Resources */ = {
			isa = PBXResourcesBuildPhase;
			buildActionMask = 2147483647;
			files = (
			);
			runOnlyForDeploymentPostprocessing = 0;
		};
/* End PBXResourcesBuildPhase section */

/* Begin PBXSourcesBuildPhase section */
		3DCDC94C2F36A1740063EE37 /* Sources */ = {
			isa = PBXSourcesBuildPhase;
			buildActionMask = 2147483647;
			files = (
			);
			runOnlyForDeploymentPostprocessing = 0;
		};
		3DCDC9592F36A1750063EE37 /* Sources */ = {
			isa = PBXSourcesBuildPhase;
			buildActionMask = 2147483647;
			files = (
			);
			runOnlyForDeploymentPostprocessing = 0;
		};
		3DCDC9632F36A1750063EE37 /* Sources */ = {
			isa = PBXSourcesBuildPhase;
			buildActionMask = 2147483647;
			files = (
			);
			runOnlyForDeploymentPostprocessing = 0;
		};
/* End PBXSourcesBuildPhase section */

/* Begin PBXTargetDependency section */
		3DCDC95F2F36A1750063EE37 /* PBXTargetDependency */ = {
			isa = PBXTargetDependency;
			target = 3DCDC94F2F36A1740063EE37 /* VibePad */;
			targetProxy = 3DCDC95E2F36A1750063EE37 /* PBXContainerItemProxy */;
		};
		3DCDC9692F36A1750063EE37 /* PBXTargetDependency */ = {
			isa = PBXTargetDependency;
			target = 3DCDC94F2F36A1740063EE37 /* VibePad */;
			targetProxy = 3DCDC9682F36A1750063EE37 /* PBXContainerItemProxy */;
		};
/* End PBXTargetDependency section */

/* Begin XCBuildConfiguration section */
		3DCDC96F2F36A1750063EE37 /* Debug */ = {
			isa = XCBuildConfiguration;
			buildSettings = {
				ALWAYS_SEARCH_USER_PATHS = NO;
				ASSETCATALOG_COMPILER_GENERATE_SWIFT_ASSET_SYMBOL_EXTENSIONS = YES;
				CLANG_ANALYZER_NONNULL = YES;
				CLANG_ANALYZER_NUMBER_OBJECT_CONVERSION = YES_AGGRESSIVE;
				CLANG_CXX_LANGUAGE_STANDARD = "gnu++20";
				CLANG_ENABLE_MODULES = YES;
				CLANG_ENABLE_OBJC_ARC = YES;
				CLANG_ENABLE_OBJC_WEAK = YES;
				CLANG_WARN_BLOCK_CAPTURE_AUTORELEASING = YES;
				CLANG_WARN_BOOL_CONVERSION = YES;
				CLANG_WARN_COMMA = YES;
				CLANG_WARN_CONSTANT_CONVERSION = YES;
				CLANG_WARN_DEPRECATED_OBJC_IMPLEMENTATIONS = YES;
				CLANG_WARN_DIRECT_OBJC_ISA_USAGE = YES_ERROR;
				CLANG_WARN_DOCUMENTATION_COMMENTS = YES;
				CLANG_WARN_EMPTY_BODY = YES;
				CLANG_WARN_ENUM_CONVERSION = YES;
				CLANG_WARN_INFINITE_RECURSION = YES;
				CLANG_WARN_INT_CONVERSION = YES;
				CLANG_WARN_NON_LITERAL_NULL_CONVERSION = YES;
				CLANG_WARN_OBJC_IMPLICIT_RETAIN_SELF = YES;
				CLANG_WARN_OBJC_LITERAL_CONVERSION = YES;
				CLANG_WARN_OBJC_ROOT_CLASS = YES_ERROR;
				CLANG_WARN_QUOTED_INCLUDE_IN_FRAMEWORK_HEADER = YES;
				CLANG_WARN_RANGE_LOOP_ANALYSIS = YES;
				CLANG_WARN_STRICT_PROTOTYPES = YES;
				CLANG_WARN_SUSPICIOUS_MOVE = YES;
				CLANG_WARN_UNGUARDED_AVAILABILITY = YES_AGGRESSIVE;
				CLANG_WARN_UNREACHABLE_CODE = YES;
				CLANG_WARN__DUPLICATE_METHOD_MATCH = YES;
				COPY_PHASE_STRIP = NO;
				DEBUG_INFORMATION_FORMAT = dwarf;
				DEVELOPMENT_TEAM = H45X843SXH;
				ENABLE_STRICT_OBJC_MSGSEND = YES;
				ENABLE_TESTABILITY = YES;
				ENABLE_USER_SCRIPT_SANDBOXING = YES;
				GCC_C_LANGUAGE_STANDARD = gnu17;
				GCC_DYNAMIC_NO_PIC = NO;
				GCC_NO_COMMON_BLOCKS = YES;
				GCC_OPTIMIZATION_LEVEL = 0;
				GCC_PREPROCESSOR_DEFINITIONS = (
					"DEBUG=1",
					"$(inherited)",
				);
				GCC_WARN_64_TO_32_BIT_CONVERSION = YES;
				GCC_WARN_ABOUT_RETURN_TYPE = YES_ERROR;
				GCC_WARN_UNDECLARED_SELECTOR = YES;
				GCC_WARN_UNINITIALIZED_AUTOS = YES_AGGRESSIVE;
				GCC_WARN_UNUSED_FUNCTION = YES;
				GCC_WARN_UNUSED_VARIABLE = YES;
				LOCALIZATION_PREFERS_STRING_CATALOGS = YES;
				MACOSX_DEPLOYMENT_TARGET = 14.0;
				MTL_ENABLE_DEBUG_INFO = INCLUDE_SOURCE;
				MTL_FAST_MATH = YES;
				ONLY_ACTIVE_ARCH = YES;
				SDKROOT = macosx;
				SWIFT_ACTIVE_COMPILATION_CONDITIONS = "DEBUG $(inherited)";
				SWIFT_OPTIMIZATION_LEVEL = "-Onone";
			};
			name = Debug;
		};
		3DCDC9702F36A1750063EE37 /* Release */ = {
			isa = XCBuildConfiguration;
			buildSettings = {
				ALWAYS_SEARCH_USER_PATHS = NO;
				ASSETCATALOG_COMPILER_GENERATE_SWIFT_ASSET_SYMBOL_EXTENSIONS = YES;
				CLANG_ANALYZER_NONNULL = YES;
				CLANG_ANALYZER_NUMBER_OBJECT_CONVERSION = YES_AGGRESSIVE;
				CLANG_CXX_LANGUAGE_STANDARD = "gnu++20";
				CLANG_ENABLE_MODULES = YES;
				CLANG_ENABLE_OBJC_ARC = YES;
				CLANG_ENABLE_OBJC_WEAK = YES;
				CLANG_WARN_BLOCK_CAPTURE_AUTORELEASING = YES;
				CLANG_WARN_BOOL_CONVERSION = YES;
				CLANG_WARN_COMMA = YES;
				CLANG_WARN_CONSTANT_CONVERSION = YES;
				CLANG_WARN_DEPRECATED_OBJC_IMPLEMENTATIONS = YES;
				CLANG_WARN_DIRECT_OBJC_ISA_USAGE = YES_ERROR;
				CLANG_WARN_DOCUMENTATION_COMMENTS = YES;
				CLANG_WARN_EMPTY_BODY = YES;
				CLANG_WARN_ENUM_CONVERSION = YES;
				CLANG_WARN_INFINITE_RECURSION = YES;
				CLANG_WARN_INT_CONVERSION = YES;
				CLANG_WARN_NON_LITERAL_NULL_CONVERSION = YES;
				CLANG_WARN_OBJC_IMPLICIT_RETAIN_SELF = YES;
				CLANG_WARN_OBJC_LITERAL_CONVERSION = YES;
				CLANG_WARN_OBJC_ROOT_CLASS = YES_ERROR;
				CLANG_WARN_QUOTED_INCLUDE_IN_FRAMEWORK_HEADER = YES;
				CLANG_WARN_RANGE_LOOP_ANALYSIS = YES;
				CLANG_WARN_STRICT_PROTOTYPES = YES;
				CLANG_WARN_SUSPICIOUS_MOVE = YES;
				CLANG_WARN_UNGUARDED_AVAILABILITY = YES_AGGRESSIVE;
				CLANG_WARN_UNREACHABLE_CODE = YES;
				CLANG_WARN__DUPLICATE_METHOD_MATCH = YES;
				COPY_PHASE_STRIP = NO;
				DEBUG_INFORMATION_FORMAT = "dwarf-with-dsym";
				DEVELOPMENT_TEAM = H45X843SXH;
				ENABLE_NS_ASSERTIONS = NO;
				ENABLE_STRICT_OBJC_MSGSEND = YES;
				ENABLE_USER_SCRIPT_SANDBOXING = YES;
				GCC_C_LANGUAGE_STANDARD = gnu17;
				GCC_NO_COMMON_BLOCKS = YES;
				GCC_WARN_64_TO_32_BIT_CONVERSION = YES;
				GCC_WARN_ABOUT_RETURN_TYPE = YES_ERROR;
				GCC_WARN_UNDECLARED_SELECTOR = YES;
				GCC_WARN_UNINITIALIZED_AUTOS = YES_AGGRESSIVE;
				GCC_WARN_UNUSED_FUNCTION = YES;
				GCC_WARN_UNUSED_VARIABLE = YES;
				LOCALIZATION_PREFERS_STRING_CATALOGS = YES;
				MACOSX_DEPLOYMENT_TARGET = 14.0;
				MTL_ENABLE_DEBUG_INFO = NO;
				MTL_FAST_MATH = YES;
				SDKROOT = macosx;
				SWIFT_COMPILATION_MODE = wholemodule;
			};
			name = Release;
		};
		3DCDC9722F36A1750063EE37 /* Debug */ = {
			isa = XCBuildConfiguration;
			buildSettings = {
				ASSETCATALOG_COMPILER_APPICON_NAME = AppIcon;
				ASSETCATALOG_COMPILER_GLOBAL_ACCENT_COLOR_NAME = AccentColor;
				CODE_SIGN_ENTITLEMENTS = VibePad/VibePad.entitlements;
				CODE_SIGN_STYLE = Automatic;
				COMBINE_HIDPI_IMAGES = YES;
				CURRENT_PROJECT_VERSION = 2;
				DEVELOPMENT_TEAM = H45X843SXH;
				ENABLE_APP_SANDBOX = NO;
				ENABLE_HARDENED_RUNTIME = YES;
				ENABLE_PREVIEWS = YES;
				ENABLE_USER_SELECTED_FILES = readonly;
				GENERATE_INFOPLIST_FILE = YES;
				INFOPLIST_FILE = VibePad/Info.plist;
				INFOPLIST_KEY_LSUIElement = YES;
				INFOPLIST_KEY_NSHumanReadableCopyright = "";
				LD_RUNPATH_SEARCH_PATHS = (
					"$(inherited)",
					"@executable_path/../Frameworks",
				);
				MARKETING_VERSION = 1.1;
				PRODUCT_BUNDLE_IDENTIFIER = dev.ignatovv.VibePad;
				PRODUCT_NAME = "$(TARGET_NAME)";
				REGISTER_APP_GROUPS = YES;
				STRING_CATALOG_GENERATE_SYMBOLS = YES;
				SWIFT_APPROACHABLE_CONCURRENCY = YES;
				SWIFT_DEFAULT_ACTOR_ISOLATION = MainActor;
				SWIFT_EMIT_LOC_STRINGS = YES;
				SWIFT_UPCOMING_FEATURE_MEMBER_IMPORT_VISIBILITY = YES;
				SWIFT_VERSION = 5.0;
			};
			name = Debug;
		};
		3DCDC9732F36A1750063EE37 /* Release */ = {
			isa = XCBuildConfiguration;
			buildSettings = {
				ASSETCATALOG_COMPILER_APPICON_NAME = AppIcon;
				ASSETCATALOG_COMPILER_GLOBAL_ACCENT_COLOR_NAME = AccentColor;
				CODE_SIGN_ENTITLEMENTS = VibePad/VibePad.entitlements;
				CODE_SIGN_STYLE = Automatic;
				COMBINE_HIDPI_IMAGES = YES;
				CURRENT_PROJECT_VERSION = 2;
				DEVELOPMENT_TEAM = H45X843SXH;
				ENABLE_APP_SANDBOX = NO;
				ENABLE_HARDENED_RUNTIME = YES;
				ENABLE_PREVIEWS = YES;
				ENABLE_USER_SELECTED_FILES = readonly;
				GENERATE_INFOPLIST_FILE = YES;
				INFOPLIST_FILE = VibePad/Info.plist;
				INFOPLIST_KEY_LSUIElement = YES;
				INFOPLIST_KEY_NSHumanReadableCopyright = "";
				LD_RUNPATH_SEARCH_PATHS = (
					"$(inherited)",
					"@executable_path/../Frameworks",
				);
				MARKETING_VERSION = 1.1;
				PRODUCT_BUNDLE_IDENTIFIER = dev.ignatovv.VibePad;
				PRODUCT_NAME = "$(TARGET_NAME)";
				REGISTER_APP_GROUPS = YES;
				STRING_CATALOG_GENERATE_SYMBOLS = YES;
				SWIFT_APPROACHABLE_CONCURRENCY = YES;
				SWIFT_DEFAULT_ACTOR_ISOLATION = MainActor;
				SWIFT_EMIT_LOC_STRINGS = YES;
				SWIFT_UPCOMING_FEATURE_MEMBER_IMPORT_VISIBILITY = YES;
				SWIFT_VERSION = 5.0;
			};
			name = Release;
		};
		3DCDC9752F36A1750063EE37 /* Debug */ = {
			isa = XCBuildConfiguration;
			buildSettings = {
				BUNDLE_LOADER = "$(TEST_HOST)";
				CODE_SIGN_STYLE = Automatic;
				CURRENT_PROJECT_VERSION = 1;
				DEVELOPMENT_TEAM = H45X843SXH;
				GENERATE_INFOPLIST_FILE = YES;
				MACOSX_DEPLOYMENT_TARGET = 14.0;
				MARKETING_VERSION = 1.0;
				PRODUCT_BUNDLE_IDENTIFIER = dev.ignatovv.VibePadTests;
				PRODUCT_NAME = "$(TARGET_NAME)";
				STRING_CATALOG_GENERATE_SYMBOLS = NO;
				SWIFT_APPROACHABLE_CONCURRENCY = YES;
				SWIFT_EMIT_LOC_STRINGS = NO;
				SWIFT_UPCOMING_FEATURE_MEMBER_IMPORT_VISIBILITY = YES;
				SWIFT_VERSION = 5.0;
				TEST_HOST = "$(BUILT_PRODUCTS_DIR)/VibePad.app/$(BUNDLE_EXECUTABLE_FOLDER_PATH)/VibePad";
			};
			name = Debug;
		};
		3DCDC9762F36A1750063EE37 /* Release */ = {
			isa = XCBuildConfiguration;
			buildSettings = {
				BUNDLE_LOADER = "$(TEST_HOST)";
				CODE_SIGN_STYLE = Automatic;
				CURRENT_PROJECT_VERSION = 1;
				DEVELOPMENT_TEAM = H45X843SXH;
				GENERATE_INFOPLIST_FILE = YES;
				MACOSX_DEPLOYMENT_TARGET = 14.0;
				MARKETING_VERSION = 1.0;
				PRODUCT_BUNDLE_IDENTIFIER = dev.ignatovv.VibePadTests;
				PRODUCT_NAME = "$(TARGET_NAME)";
				STRING_CATALOG_GENERATE_SYMBOLS = NO;
				SWIFT_APPROACHABLE_CONCURRENCY = YES;
				SWIFT_EMIT_LOC_STRINGS = NO;
				SWIFT_UPCOMING_FEATURE_MEMBER_IMPORT_VISIBILITY = YES;
				SWIFT_VERSION = 5.0;
				TEST_HOST = "$(BUILT_PRODUCTS_DIR)/VibePad.app/$(BUNDLE_EXECUTABLE_FOLDER_PATH)/VibePad";
			};
			name = Release;
		};
		3DCDC9782F36A1750063EE37 /* Debug */ = {
			isa = XCBuildConfiguration;
			buildSettings = {
				CODE_SIGN_STYLE = Automatic;
				CURRENT_PROJECT_VERSION = 1;
				DEVELOPMENT_TEAM = H45X843SXH;
				GENERATE_INFOPLIST_FILE = YES;
				MARKETING_VERSION = 1.0;
				PRODUCT_BUNDLE_IDENTIFIER = dev.ignatovv.VibePadUITests;
				PRODUCT_NAME = "$(TARGET_NAME)";
				STRING_CATALOG_GENERATE_SYMBOLS = NO;
				SWIFT_APPROACHABLE_CONCURRENCY = YES;
				SWIFT_EMIT_LOC_STRINGS = NO;
				SWIFT_UPCOMING_FEATURE_MEMBER_IMPORT_VISIBILITY = YES;
				SWIFT_VERSION = 5.0;
				TEST_TARGET_NAME = VibePad;
			};
			name = Debug;
		};
		3DCDC9792F36A1750063EE37 /* Release */ = {
			isa = XCBuildConfiguration;
			buildSettings = {
				CODE_SIGN_STYLE = Automatic;
				CURRENT_PROJECT_VERSION = 1;
				DEVELOPMENT_TEAM = H45X843SXH;
				GENERATE_INFOPLIST_FILE = YES;
				MARKETING_VERSION = 1.0;
				PRODUCT_BUNDLE_IDENTIFIER = dev.ignatovv.VibePadUITests;
				PRODUCT_NAME = "$(TARGET_NAME)";
				STRING_CATALOG_GENERATE_SYMBOLS = NO;
				SWIFT_APPROACHABLE_CONCURRENCY = YES;
				SWIFT_EMIT_LOC_STRINGS = NO;
				SWIFT_UPCOMING_FEATURE_MEMBER_IMPORT_VISIBILITY = YES;
				SWIFT_VERSION = 5.0;
				TEST_TARGET_NAME = VibePad;
			};
			name = Release;
		};
/* End XCBuildConfiguration section */

/* Begin XCConfigurationList section */
		3DCDC94B2F36A1740063EE37 /* Build configuration list for PBXProject "VibePad" */ = {
			isa = XCConfigurationList;
			buildConfigurations = (
				3DCDC96F2F36A1750063EE37 /* Debug */,
				3DCDC9702F36A1750063EE37 /* Release */,
			);
			defaultConfigurationIsVisible = 0;
			defaultConfigurationName = Release;
		};
		3DCDC9712F36A1750063EE37 /* Build configuration list for PBXNativeTarget "VibePad" */ = {
			isa = XCConfigurationList;
			buildConfigurations = (
				3DCDC9722F36A1750063EE37 /* Debug */,
				3DCDC9732F36A1750063EE37 /* Release */,
			);
			defaultConfigurationIsVisible = 0;
			defaultConfigurationName = Release;
		};
		3DCDC9742F36A1750063EE37 /* Build configuration list for PBXNativeTarget "VibePadTests" */ = {
			isa = XCConfigurationList;
			buildConfigurations = (
				3DCDC9752F36A1750063EE37 /* Debug */,
				3DCDC9762F36A1750063EE37 /* Release */,
			);
			defaultConfigurationIsVisible = 0;
			defaultConfigurationName = Release;
		};
		3DCDC9772F36A1750063EE37 /* Build configuration list for PBXNativeTarget "VibePadUITests" */ = {
			isa = XCConfigurationList;
			buildConfigurations = (
				3DCDC9782F36A1750063EE37 /* Debug */,
				3DCDC9792F36A1750063EE37 /* Release */,
			);
			defaultConfigurationIsVisible = 0;
			defaultConfigurationName = Release;
		};
/* End XCConfigurationList section */

/* Begin XCRemoteSwiftPackageReference section */
		3DB0A04B2F39312D00FCA9DB /* XCRemoteSwiftPackageReference "SwiftSDK" */ = {
			isa = XCRemoteSwiftPackageReference;
			repositoryURL = "https://github.com/TelemetryDeck/SwiftSDK";
			requirement = {
				kind = upToNextMinorVersion;
				minimumVersion = 2.11.0;
			};
		};
		3DC0B04F2F4D000000SPARK1 /* XCRemoteSwiftPackageReference "Sparkle" */ = {
			isa = XCRemoteSwiftPackageReference;
			repositoryURL = "https://github.com/sparkle-project/Sparkle";
			requirement = {
				kind = upToNextMajorVersion;
				minimumVersion = 2.6.0;
			};
		};
/* End XCRemoteSwiftPackageReference section */

/* Begin XCSwiftPackageProductDependency section */
		3DB0A04C2F39312E00FCA9DB /* TelemetryClient */ = {
			isa = XCSwiftPackageProductDependency;
			package = 3DB0A04B2F39312D00FCA9DB /* XCRemoteSwiftPackageReference "SwiftSDK" */;
			productName = TelemetryClient;
		};
		3DB0A04E2F39312E00FCA9DB /* TelemetryDeck */ = {
			isa = XCSwiftPackageProductDependency;
			package = 3DB0A04B2F39312D00FCA9DB /* XCRemoteSwiftPackageReference "SwiftSDK" */;
			productName = TelemetryDeck;
		};
		3DC0B0502F4D000000SPARK1 /* Sparkle */ = {
			isa = XCSwiftPackageProductDependency;
			package = 3DC0B04F2F4D000000SPARK1 /* XCRemoteSwiftPackageReference "Sparkle" */;
			productName = Sparkle;
		};
/* End XCSwiftPackageProductDependency section */
	};
	rootObject = 3DCDC9482F36A1740063EE37 /* Project object */;
}
